// !$*UTF8*$!
{
	archiveVersion = 1;
	classes = {
	};
	objectVersion = 46;
	objects = {

/* Begin PBXBuildFile section */
		8D58CFFF1D2313DB00120F72 /* AppDelegate.swift in Sources */ = {isa = PBXBuildFile; fileRef = 8D58CFFE1D2313DB00120F72 /* AppDelegate.swift */; };
		8D58D0011D2313DB00120F72 /* ViewController.swift in Sources */ = {isa = PBXBuildFile; fileRef = 8D58D0001D2313DB00120F72 /* ViewController.swift */; };
		8D58D0031D2313DB00120F72 /* Assets.xcassets in Resources */ = {isa = PBXBuildFile; fileRef = 8D58D0021D2313DB00120F72 /* Assets.xcassets */; };
		8D58D0061D2313DB00120F72 /* Main.storyboard in Resources */ = {isa = PBXBuildFile; fileRef = 8D58D0041D2313DB00120F72 /* Main.storyboard */; };
		8D58D00F1D23145B00120F72 /* USBSerialConnection.swift in Sources */ = {isa = PBXBuildFile; fileRef = 8D58D00E1D23145B00120F72 /* USBSerialConnection.swift */; };
/* End PBXBuildFile section */

/* Begin PBXFileReference section */
		8D58CFFB1D2313DB00120F72 /* NovaSerialUSBDemo.app */ = {isa = PBXFileReference; explicitFileType = wrapper.application; includeInIndex = 0; path = NovaSerialUSBDemo.app; sourceTree = BUILT_PRODUCTS_DIR; };
		8D58CFFE1D2313DB00120F72 /* AppDelegate.swift */ = {isa = PBXFileReference; lastKnownFileType = sourcecode.swift; path = AppDelegate.swift; sourceTree = "<group>"; };
		8D58D0001D2313DB00120F72 /* ViewController.swift */ = {isa = PBXFileReference; lastKnownFileType = sourcecode.swift; path = ViewController.swift; sourceTree = "<group>"; };
		8D58D0021D2313DB00120F72 /* Assets.xcassets */ = {isa = PBXFileReference; lastKnownFileType = folder.assetcatalog; path = Assets.xcassets; sourceTree = "<group>"; };
		8D58D0051D2313DB00120F72 /* Base */ = {isa = PBXFileReference; lastKnownFileType = file.storyboard; name = Base; path = Base.lproj/Main.storyboard; sourceTree = "<group>"; };
		8D58D0071D2313DB00120F72 /* Info.plist */ = {isa = PBXFileReference; lastKnownFileType = text.plist.xml; path = Info.plist; sourceTree = "<group>"; };
		8D58D00E1D23145B00120F72 /* USBSerialConnection.swift */ = {isa = PBXFileReference; fileEncoding = 4; lastKnownFileType = sourcecode.swift; path = USBSerialConnection.swift; sourceTree = "<group>"; };
/* End PBXFileReference section */

/* Begin PBXFrameworksBuildPhase section */
		8D58CFF81D2313DB00120F72 /* Frameworks */ = {
			isa = PBXFrameworksBuildPhase;
			buildActionMask = 2147483647;
			files = (
			);
			runOnlyForDeploymentPostprocessing = 0;
		};
/* End PBXFrameworksBuildPhase section */

/* Begin PBXGroup section */
		8D58CFF21D2313DB00120F72 = {
			isa = PBXGroup;
			children = (
				8D58D00D1D23145B00120F72 /* Source */,
				8D58CFFD1D2313DB00120F72 /* NovaSerialUSBDemo */,
				8D58CFFC1D2313DB00120F72 /* Products */,
			);
			sourceTree = "<group>";
		};
		8D58CFFC1D2313DB00120F72 /* Products */ = {
			isa = PBXGroup;
			children = (
				8D58CFFB1D2313DB00120F72 /* NovaSerialUSBDemo.app */,
			);
			name = Products;
			sourceTree = "<group>";
		};
		8D58CFFD1D2313DB00120F72 /* NovaSerialUSBDemo */ = {
			isa = PBXGroup;
			children = (
				8D58CFFE1D2313DB00120F72 /* AppDelegate.swift */,
				8D58D0001D2313DB00120F72 /* ViewController.swift */,
				8D58D0021D2313DB00120F72 /* Assets.xcassets */,
				8D58D0041D2313DB00120F72 /* Main.storyboard */,
				8D58D0071D2313DB00120F72 /* Info.plist */,
			);
			path = NovaSerialUSBDemo;
			sourceTree = "<group>";
		};
		8D58D00D1D23145B00120F72 /* Source */ = {
			isa = PBXGroup;
			children = (
				8D58D00E1D23145B00120F72 /* USBSerialConnection.swift */,
			);
			name = Source;
			path = ../Source;
			sourceTree = "<group>";
		};
/* End PBXGroup section */

/* Begin PBXNativeTarget section */
		8D58CFFA1D2313DB00120F72 /* NovaSerialUSBDemo */ = {
			isa = PBXNativeTarget;
			buildConfigurationList = 8D58D00A1D2313DB00120F72 /* Build configuration list for PBXNativeTarget "NovaSerialUSBDemo" */;
			buildPhases = (
				8D58CFF71D2313DB00120F72 /* Sources */,
				8D58CFF81D2313DB00120F72 /* Frameworks */,
				8D58CFF91D2313DB00120F72 /* Resources */,
			);
			buildRules = (
			);
			dependencies = (
			);
			name = NovaSerialUSBDemo;
			productName = NovaSerialUSBDemo;
			productReference = 8D58CFFB1D2313DB00120F72 /* NovaSerialUSBDemo.app */;
			productType = "com.apple.product-type.application";
		};
/* End PBXNativeTarget section */

/* Begin PBXProject section */
		8D58CFF31D2313DB00120F72 /* Project object */ = {
			isa = PBXProject;
			attributes = {
				LastSwiftUpdateCheck = 0730;
				LastUpgradeCheck = 0730;
				ORGANIZATIONNAME = Example;
				TargetAttributes = {
					8D58CFFA1D2313DB00120F72 = {
						CreatedOnToolsVersion = 7.3.1;
					};
				};
			};
			buildConfigurationList = 8D58CFF61D2313DB00120F72 /* Build configuration list for PBXProject "NovaSerialUSBDemo" */;
			compatibilityVersion = "Xcode 3.2";
			developmentRegion = English;
			hasScannedForEncodings = 0;
			knownRegions = (
				en,
				Base,
			);
			mainGroup = 8D58CFF21D2313DB00120F72;
			productRefGroup = 8D58CFFC1D2313DB00120F72 /* Products */;
			projectDirPath = "";
			projectRoot = "";
			targets = (
				8D58CFFA1D2313DB00120F72 /* NovaSerialUSBDemo */,
			);
		};
/* End PBXProject section */

/* Begin PBXResourcesBuildPhase section */
		8D58CFF91D2313DB00120F72 /* Resources */ = {
			isa = PBXResourcesBuildPhase;
			buildActionMask = 2147483647;
			files = (
				8D58D0031D2313DB00120F72 /* Assets.xcassets in Resources */,
				8D58D0061D2313DB00120F72 /* Main.storyboard in Resources */,
			);
			runOnlyForDeploymentPostprocessing = 0;
		};
/* End PBXResourcesBuildPhase section */

/* Begin PBXSourcesBuildPhase section */
		8D58CFF71D2313DB00120F72 /* Sources */ = {
			isa = PBXSourcesBuildPhase;
			buildActionMask = 2147483647;
			files = (
				8D58D0011D2313DB00120F72 /* ViewController.swift in Sources */,
				8D58CFFF1D2313DB00120F72 /* AppDelegate.swift in Sources */,
				8D58D00F1D23145B00120F72 /* USBSerialConnection.swift in Sources */,
			);
			runOnlyForDeploymentPostprocessing = 0;
		};
/* End PBXSourcesBuildPhase section */

/* Begin PBXVariantGroup section */
		8D58D0041D2313DB00120F72 /* Main.storyboard */ = {
			isa = PBXVariantGroup;
			children = (
				8D58D0051D2313DB00120F72 /* Base */,
			);
			name = Main.storyboard;
			sourceTree = "<group>";
		};
/* End PBXVariantGroup section */

/* Begin XCBuildConfiguration section */
		8D58D0081D2313DB00120F72 /* Debug */ = {
			isa = XCBuildConfiguration;
			buildSettings = {
				ALWAYS_SEARCH_USER_PATHS = NO;
				CLANG_ANALYZER_NONNULL = YES;
				CLANG_CXX_LANGUAGE_STANDARD = "gnu++0x";
				CLANG_CXX_LIBRARY = "libc++";
				CLANG_ENABLE_MODULES = YES;
				CLANG_ENABLE_OBJC_ARC = YES;
				CLANG_WARN_BOOL_CONVERSION = YES;
				CLANG_WARN_CONSTANT_CONVERSION = YES;
				CLANG_WARN_DIRECT_OBJC_ISA_USAGE = YES_ERROR;
				CLANG_WARN_EMPTY_BODY = YES;
				CLANG_WARN_ENUM_CONVERSION = YES;
				CLANG_WARN_INT_CONVERSION = YES;
				CLANG_WARN_OBJC_ROOT_CLASS = YES_ERROR;
				CLANG_WARN_UNREACHABLE_CODE = YES;
				CLANG_WARN__DUPLICATE_METHOD_MATCH = YES;
				CODE_SIGN_IDENTITY = "-";
				COPY_PHASE_STRIP = NO;
				DEBUG_INFORMATION_FORMAT = dwarf;
				ENABLE_STRICT_OBJC_MSGSEND = YES;
				ENABLE_TESTABILITY = YES;
				GCC_C_LANGUAGE_STANDARD = gnu99;
				GCC_DYNAMIC_NO_PIC = NO;
				GCC_NO_COMMON_BLOCKS = YES;
				GCC_OPTIMIZATION_LEVEL = 0;
				GCC_PREPROCESSOR_DEFINITIONS = (
					"DEBUG=1",
					"$(inherited)",
				);
				GCC_WARN_64_TO_32_BIT_CONVERSION = YES;
				GCC_WARN_ABOUT_RETURN_TYPE = YES_ERROR;
				GCC_WARN_UNDECLARED_SELECTOR = YES;
				GCC_WARN_UNINITIALIZED_AUTOS = YES_AGGRESSIVE;
				GCC_WARN_UNUSED_FUNCTION = YES;
				GCC_WARN_UNUSED_VARIABLE = YES;
				MACOSX_DEPLOYMENT_TARGET = 10.11;
				MTL_ENABLE_DEBUG_INFO = YES;
				ONLY_ACTIVE_ARCH = YES;
				SDKROOT = macosx;
				SWIFT_OPTIMIZATION_LEVEL = "-Onone";
			};
			name = Debug;
		};
		8D58D0091D2313DB00120F72 /* Release */ = {
			isa = XCBuildConfiguration;
			buildSettings = {
				ALWAYS_SEARCH_USER_PATHS = NO;
				CLANG_ANALYZER_NONNULL = YES;
				CLANG_CXX_LANGUAGE_STANDARD = "gnu++0x";
				CLANG_CXX_LIBRARY = "libc++";
				CLANG_ENABLE_MODULES = YES;
				CLANG_ENABLE_OBJC_ARC = YES;
				CLANG_WARN_BOOL_CONVERSION = YES;
				CLANG_WARN_CONSTANT_CONVERSION = YES;
				CLANG_WARN_DIRECT_OBJC_ISA_USAGE = YES_ERROR;
				CLANG_WARN_EMPTY_BODY = YES;
				CLANG_WARN_ENUM_CONVERSION = YES;
				CLANG_WARN_INT_CONVERSION = YES;
				CLANG_WARN_OBJC_ROOT_CLASS = YES_ERROR;
				CLANG_WARN_UNREACHABLE_CODE = YES;
				CLANG_WARN__DUPLICATE_METHOD_MATCH = YES;
				CODE_SIGN_IDENTITY = "-";
				COPY_PHASE_STRIP = NO;
				DEBUG_INFORMATION_FORMAT = "dwarf-with-dsym";
				ENABLE_NS_ASSERTIONS = NO;
				ENABLE_STRICT_OBJC_MSGSEND = YES;
				GCC_C_LANGUAGE_STANDARD = gnu99;
				GCC_NO_COMMON_BLOCKS = YES;
				GCC_WARN_64_TO_32_BIT_CONVERSION = YES;
				GCC_WARN_ABOUT_RETURN_TYPE = YES_ERROR;
				GCC_WARN_UNDECLARED_SELECTOR = YES;
				GCC_WARN_UNINITIALIZED_AUTOS = YES_AGGRESSIVE;
				GCC_WARN_UNUSED_FUNCTION = YES;
				GCC_WARN_UNUSED_VARIABLE = YES;
				MACOSX_DEPLOYMENT_TARGET = 10.11;
				MTL_ENABLE_DEBUG_INFO = NO;
				SDKROOT = macosx;
			};
			name = Release;
		};
		8D58D00B1D2313DB00120F72 /* Debug */ = {
			isa = XCBuildConfiguration;
			buildSettings = {
				ASSETCATALOG_COMPILER_APPICON_NAME = AppIcon;
				COMBINE_HIDPI_IMAGES = YES;
				INFOPLIST_FILE = NovaSerialUSBDemo/Info.plist;
				LD_RUNPATH_SEARCH_PATHS = "$(inherited) @executable_path/../Frameworks";
				PRODUCT_BUNDLE_IDENTIFIER = com.example.NovaSerialUSBDemo;
				PRODUCT_NAME = "$(TARGET_NAME)";
			};
			name = Debug;
		};
		8D58D00C1D2313DB00120F72 /* Release */ = {
			isa = XCBuildConfiguration;
			buildSettings = {
				ASSETCATALOG_COMPILER_APPICON_NAME = AppIcon;
				COMBINE_HIDPI_IMAGES = YES;
				INFOPLIST_FILE = NovaSerialUSBDemo/Info.plist;
				LD_RUNPATH_SEARCH_PATHS = "$(inherited) @executable_path/../Frameworks";
				PRODUCT_BUNDLE_IDENTIFIER = com.example.NovaSerialUSBDemo;
				PRODUCT_NAME = "$(TARGET_NAME)";
			};
			name = Release;
		};
/* End XCBuildConfiguration section */

/* Begin XCConfigurationList section */
		8D58CFF61D2313DB00120F72 /* Build configuration list for PBXProject "NovaSerialUSBDemo" */ = {
			isa = XCConfigurationList;
			buildConfigurations = (
				8D58D0081D2313DB00120F72 /* Debug */,
				8D58D0091D2313DB00120F72 /* Release */,
			);
			defaultConfigurationIsVisible = 0;
			defaultConfigurationName = Release;
		};
		8D58D00A1D2313DB00120F72 /* Build configuration list for PBXNativeTarget "NovaSerialUSBDemo" */ = {
			isa = XCConfigurationList;
			buildConfigurations = (
				8D58D00B1D2313DB00120F72 /* Debug */,
				8D58D00C1D2313DB00120F72 /* Release */,
			);
			defaultConfigurationIsVisible = 0;
			defaultConfigurationName = Release;
		};
/* End XCConfigurationList section */
	};
	rootObject = 8D58CFF31D2313DB00120F72 /* Project object */;
}
